
Microsoft Visual Studio Solution File, Format Version 10.00
# Visual Studio 2008
Project("{FAE04EC0-301F-11D3-BF4B-00C04F79EFBC}") = "VirtualPitchPipe", "VirtualPitchPipe.csproj", "{84E29D5F-5AA0-40FF-95D1-4C3F10B7C3A4}"
EndProject
Global
	GlobalSection(SolutionConfigurationPlatforms) = preSolution
		Debug|Any CPU = Debug|Any CPU
		Release|Any CPU = Release|Any CPU
	EndGlobalSection
	GlobalSection(ProjectConfigurationPlatforms) = postSolution
		{84E29D5F-5AA0-40FF-95D1-4C3F10B7C3A4}.Debug|Any CPU.ActiveCfg = Debug|Any CPU
		{84E29D5F-5AA0-40FF-95D1-4C3F10B7C3A4}.Debug|Any CPU.Build.0 = Debug|Any CPU
		{84E29D5F-5AA0-40FF-95D1-4C3F10B7C3A4}.Release|Any CPU.ActiveCfg = Release|Any CPU
		{84E29D5F-5AA0-40FF-95D1-4C3F10B7C3A4}.Release|Any CPU.Build.0 = Release|Any CPU
	EndGlobalSection
	GlobalSection(SolutionProperties) = preSolution
		HideSolutionNode = FALSE
	EndGlobalSection
EndGlobal
